
Microsoft Visual Studio Solution File, Format Version 12.00
# Visual Studio Version 17
VisualStudioVersion = 17.1.32210.238
MinimumVisualStudioVersion = 10.0.40219.1
Project("{9A19103F-16F7-4668-BE54-9A1E7A4F7556}") = "BarLauncher.Workspacer.Lib", "BarLauncher.Workspacer.Lib\BarLauncher.Workspacer.Lib.csproj", "{BBF223FA-A611-423A-999A-3A187FBB92F0}"
EndProject
Project("{9A19103F-16F7-4668-BE54-9A1E7A4F7556}") = "BarLauncher.Workspacer.Wox", "BarLauncher.Workspacer.Wox\BarLauncher.Workspacer.Wox.csproj", "{9FBF5023-3C4A-4A16-8020-636F33DA38B3}"
EndProject
Project("{9A19103F-16F7-4668-BE54-9A1E7A4F7556}") = "BarLauncher.Workspacer.Test.Mock", "BarLauncher.Workspacer.Test.Mock\BarLauncher.Workspacer.Test.Mock.csproj", "{56F15A25-C9C0-4F32-B599-B8613B5B08AA}"
EndProject
Project("{9A19103F-16F7-4668-BE54-9A1E7A4F7556}") = "BarLauncher.Workspacer.Test.AllGreen", "BarLauncher.Workspacer.Test.AllGreen\BarLauncher.Workspacer.Test.AllGreen.csproj", "{B6829159-1531-4E38-875C-9623942B2D2D}"
EndProject
Project("{9A19103F-16F7-4668-BE54-9A1E7A4F7556}") = "BarLauncher.Workspacer.Flow.Launcher", "BarLauncher.Workspacer.Flow.Launcher\BarLauncher.Workspacer.Flow.Launcher.csproj", "{25791BA1-526B-4756-853D-053ED55C2ADA}"
EndProject
Project("{2150E333-8FDC-42A3-9474-1A3956D46DE8}") = "Solution Items", "Solution Items", "{D31838F9-F131-44C1-B696-093D9902FE99}"
	ProjectSection(SolutionItems) = preProject
		LICENSE.md = LICENSE.md
		README.md = README.md
		VERSION = VERSION
	EndProjectSection
EndProject
Project("{2150E333-8FDC-42A3-9474-1A3956D46DE8}") = "scripts", "scripts", "{90318D63-2645-4907-BE7D-8DD80546851D}"
	ProjectSection(SolutionItems) = preProject
		comp.sh = comp.sh
		publish-dev.sh = publish-dev.sh
		version.sh = version.sh
	EndProjectSection
EndProject
Project("{2150E333-8FDC-42A3-9474-1A3956D46DE8}") = "github", "github", "{F7A9F8E5-14E8-4389-872D-BC8AF1AA28C0}"
	ProjectSection(SolutionItems) = preProject
		.github\workflows\publish.yml = .github\workflows\publish.yml
		.github\workflows\version.yml = .github\workflows\version.yml
	EndProjectSection
EndProject
Project("{2150E333-8FDC-42A3-9474-1A3956D46DE8}") = "git", "git", "{4D9F5C80-E4E8-4601-9198-00654260B8A5}"
	ProjectSection(SolutionItems) = preProject
		.gitattributes = .gitattributes
		.gitignore = .gitignore
	EndProjectSection
EndProject
Project("{2150E333-8FDC-42A3-9474-1A3956D46DE8}") = "build", "build", "{45491E87-8447-4161-8CC2-4E4EC9FAA4C2}"
	ProjectSection(SolutionItems) = preProject
		Directory.Build.props = Directory.Build.props
		Directory.Build.targets = Directory.Build.targets
	EndProjectSection
EndProject
Global
	GlobalSection(SolutionConfigurationPlatforms) = preSolution
		Debug|Any CPU = Debug|Any CPU
		Release|Any CPU = Release|Any CPU
	EndGlobalSection
	GlobalSection(ProjectConfigurationPlatforms) = postSolution
		{BBF223FA-A611-423A-999A-3A187FBB92F0}.Debug|Any CPU.ActiveCfg = Debug|Any CPU
		{BBF223FA-A611-423A-999A-3A187FBB92F0}.Debug|Any CPU.Build.0 = Debug|Any CPU
		{BBF223FA-A611-423A-999A-3A187FBB92F0}.Release|Any CPU.ActiveCfg = Release|Any CPU
		{BBF223FA-A611-423A-999A-3A187FBB92F0}.Release|Any CPU.Build.0 = Release|Any CPU
		{9FBF5023-3C4A-4A16-8020-636F33DA38B3}.Debug|Any CPU.ActiveCfg = Debug|Any CPU
		{9FBF5023-3C4A-4A16-8020-636F33DA38B3}.Debug|Any CPU.Build.0 = Debug|Any CPU
		{9FBF5023-3C4A-4A16-8020-636F33DA38B3}.Release|Any CPU.ActiveCfg = Release|Any CPU
		{9FBF5023-3C4A-4A16-8020-636F33DA38B3}.Release|Any CPU.Build.0 = Release|Any CPU
		{56F15A25-C9C0-4F32-B599-B8613B5B08AA}.Debug|Any CPU.ActiveCfg = Debug|Any CPU
		{56F15A25-C9C0-4F32-B599-B8613B5B08AA}.Debug|Any CPU.Build.0 = Debug|Any CPU
		{56F15A25-C9C0-4F32-B599-B8613B5B08AA}.Release|Any CPU.ActiveCfg = Release|Any CPU
		{56F15A25-C9C0-4F32-B599-B8613B5B08AA}.Release|Any CPU.Build.0 = Release|Any CPU
		{B6829159-1531-4E38-875C-9623942B2D2D}.Debug|Any CPU.ActiveCfg = Debug|Any CPU
		{B6829159-1531-4E38-875C-9623942B2D2D}.Debug|Any CPU.Build.0 = Debug|Any CPU
		{B6829159-1531-4E38-875C-9623942B2D2D}.Release|Any CPU.ActiveCfg = Release|Any CPU
		{B6829159-1531-4E38-875C-9623942B2D2D}.Release|Any CPU.Build.0 = Release|Any CPU
		{25791BA1-526B-4756-853D-053ED55C2ADA}.Debug|Any CPU.ActiveCfg = Debug|Any CPU
		{25791BA1-526B-4756-853D-053ED55C2ADA}.Debug|Any CPU.Build.0 = Debug|Any CPU
		{25791BA1-526B-4756-853D-053ED55C2ADA}.Release|Any CPU.ActiveCfg = Release|Any CPU
		{25791BA1-526B-4756-853D-053ED55C2ADA}.Release|Any CPU.Build.0 = Release|Any CPU
	EndGlobalSection
	GlobalSection(SolutionProperties) = preSolution
		HideSolutionNode = FALSE
	EndGlobalSection
	GlobalSection(NestedProjects) = preSolution
		{90318D63-2645-4907-BE7D-8DD80546851D} = {D31838F9-F131-44C1-B696-093D9902FE99}
		{F7A9F8E5-14E8-4389-872D-BC8AF1AA28C0} = {D31838F9-F131-44C1-B696-093D9902FE99}
		{4D9F5C80-E4E8-4601-9198-00654260B8A5} = {D31838F9-F131-44C1-B696-093D9902FE99}
		{45491E87-8447-4161-8CC2-4E4EC9FAA4C2} = {D31838F9-F131-44C1-B696-093D9902FE99}
	EndGlobalSection
	GlobalSection(ExtensibilityGlobals) = postSolution
		SolutionGuid = {75127293-0E19-4DA8-B8B3-1208E9023B99}
	EndGlobalSection
EndGlobal
