
Microsoft Visual Studio Solution File, Format Version 12.00
# Visual Studio 15
VisualStudioVersion = 15.0.27703.2000
MinimumVisualStudioVersion = 10.0.40219.1
Project("{FAE04EC0-301F-11D3-BF4B-00C04F79EFBC}") = "Wox.Workspacer", "Wox.Workspacer\Wox.Workspacer.csproj", "{F07168FB-CE98-4077-B2B1-D81ECA88C0CE}"
EndProject
Project("{FAE04EC0-301F-11D3-BF4B-00C04F79EFBC}") = "Wox.Workspacer.AllGreen", "Wox.Workspacer.AllGreen\Wox.Workspacer.AllGreen.csproj", "{9156CA54-6ECB-4B6F-9004-295B209EF3EB}"
EndProject
Project("{FAE04EC0-301F-11D3-BF4B-00C04F79EFBC}") = "Wox.Workspacer.Mock", "Wox.Workspacer.Mock\Wox.Workspacer.Mock.csproj", "{8CB4E218-E106-45D4-8FA9-53B268305C5F}"
EndProject
Global
	GlobalSection(SolutionConfigurationPlatforms) = preSolution
		Debug|Any CPU = Debug|Any CPU
		Release|Any CPU = Release|Any CPU
	EndGlobalSection
	GlobalSection(ProjectConfigurationPlatforms) = postSolution
		{F07168FB-CE98-4077-B2B1-D81ECA88C0CE}.Debug|Any CPU.ActiveCfg = Debug|Any CPU
		{F07168FB-CE98-4077-B2B1-D81ECA88C0CE}.Debug|Any CPU.Build.0 = Debug|Any CPU
		{F07168FB-CE98-4077-B2B1-D81ECA88C0CE}.Release|Any CPU.ActiveCfg = Release|Any CPU
		{F07168FB-CE98-4077-B2B1-D81ECA88C0CE}.Release|Any CPU.Build.0 = Release|Any CPU
		{9156CA54-6ECB-4B6F-9004-295B209EF3EB}.Debug|Any CPU.ActiveCfg = Debug|Any CPU
		{9156CA54-6ECB-4B6F-9004-295B209EF3EB}.Debug|Any CPU.Build.0 = Debug|Any CPU
		{9156CA54-6ECB-4B6F-9004-295B209EF3EB}.Release|Any CPU.ActiveCfg = Release|Any CPU
		{9156CA54-6ECB-4B6F-9004-295B209EF3EB}.Release|Any CPU.Build.0 = Release|Any CPU
		{8CB4E218-E106-45D4-8FA9-53B268305C5F}.Debug|Any CPU.ActiveCfg = Debug|Any CPU
		{8CB4E218-E106-45D4-8FA9-53B268305C5F}.Debug|Any CPU.Build.0 = Debug|Any CPU
		{8CB4E218-E106-45D4-8FA9-53B268305C5F}.Release|Any CPU.ActiveCfg = Release|Any CPU
		{8CB4E218-E106-45D4-8FA9-53B268305C5F}.Release|Any CPU.Build.0 = Release|Any CPU
	EndGlobalSection
	GlobalSection(SolutionProperties) = preSolution
		HideSolutionNode = FALSE
	EndGlobalSection
	GlobalSection(ExtensibilityGlobals) = postSolution
		SolutionGuid = {812F4B89-5E32-4E64-A56E-22A23FF4B552}
	EndGlobalSection
EndGlobal
